
Microsoft Visual Studio Solution File, Format Version 12.00
# Visual Studio Version 17
VisualStudioVersion = 17.13.35931.197
MinimumVisualStudioVersion = 10.0.40219.1
Project("{FAE04EC0-301F-11D3-BF4B-00C04F79EFBC}") = "SimpleDataBase", "SimpleDataBase\SimpleDataBase.csproj", "{DE8D84B4-A8A6-465C-A7C8-FE63276ADDB7}"
EndProject
Project("{FAE04EC0-301F-11D3-BF4B-00C04F79EFBC}") = "Homework", "Homework\Homework.csproj", "{4275E6DB-AE56-459E-8B65-2E4C6007F323}"
EndProject
Global
	GlobalSection(SolutionConfigurationPlatforms) = preSolution
		Debug|Any CPU = Debug|Any CPU
		Release|Any CPU = Release|Any CPU
	EndGlobalSection
	GlobalSection(ProjectConfigurationPlatforms) = postSolution
		{DE8D84B4-A8A6-465C-A7C8-FE63276ADDB7}.Debug|Any CPU.ActiveCfg = Debug|Any CPU
		{DE8D84B4-A8A6-465C-A7C8-FE63276ADDB7}.Debug|Any CPU.Build.0 = Debug|Any CPU
		{DE8D84B4-A8A6-465C-A7C8-FE63276ADDB7}.Release|Any CPU.ActiveCfg = Release|Any CPU
		{DE8D84B4-A8A6-465C-A7C8-FE63276ADDB7}.Release|Any CPU.Build.0 = Release|Any CPU
		{4275E6DB-AE56-459E-8B65-2E4C6007F323}.Debug|Any CPU.ActiveCfg = Debug|Any CPU
		{4275E6DB-AE56-459E-8B65-2E4C6007F323}.Debug|Any CPU.Build.0 = Debug|Any CPU
		{4275E6DB-AE56-459E-8B65-2E4C6007F323}.Release|Any CPU.ActiveCfg = Release|Any CPU
		{4275E6DB-AE56-459E-8B65-2E4C6007F323}.Release|Any CPU.Build.0 = Release|Any CPU
	EndGlobalSection
	GlobalSection(SolutionProperties) = preSolution
		HideSolutionNode = FALSE
	EndGlobalSection
	GlobalSection(ExtensibilityGlobals) = postSolution
		SolutionGuid = {FFFA86CF-47EC-43FE-9C9D-17CEF80138A0}
	EndGlobalSection
EndGlobal
